
Microsoft Visual Studio Solution File, Format Version 12.00
# Visual Studio Version 17
VisualStudioVersion = 17.4.33110.190
MinimumVisualStudioVersion = 10.0.40219.1
Project("{9A19103F-16F7-4668-BE54-9A1E7A4F7556}") = "Authentication.Service", "Authentication.Service\Authentication.Service.csproj", "{48B3C2E1-23D9-4AEE-8E8F-DF3FD9E898C3}"
EndProject
Project("{9A19103F-16F7-4668-BE54-9A1E7A4F7556}") = "Storage", "Storage\Storage.csproj", "{AF7A5755-EA8D-4AE2-9D7B-4AC9456039E4}"
EndProject
Project("{9A19103F-16F7-4668-BE54-9A1E7A4F7556}") = "Slots.Service", "Slots.Service\Slots.Service.csproj", "{ACA03FDD-EE0A-470F-AD11-9096AC016212}"
EndProject
Project("{9A19103F-16F7-4668-BE54-9A1E7A4F7556}") = "Services.Common", "Services.Common\Services.Common.csproj", "{52F6F42D-3661-4217-B01D-50F2DC3A9CC1}"
EndProject
Project("{9A19103F-16F7-4668-BE54-9A1E7A4F7556}") = "Reservations.Service", "Reservations.Service\Reservations.Service.csproj", "{0D5BE49D-FCD1-4C81-A755-2E84377A3BB4}"
EndProject
Project("{9A19103F-16F7-4668-BE54-9A1E7A4F7556}") = "EventBus", "EventBus\EventBus.csproj", "{CC6D43FC-A2FE-4334-AAA3-BD5680390366}"
EndProject
Project("{FAE04EC0-301F-11D3-BF4B-00C04F79EFBC}") = "EventBus.Tests", "EventBus.Tests\EventBus.Tests.csproj", "{AA7BE8BC-0050-4F40-9646-FB50778EEC6A}"
EndProject
Project("{FAE04EC0-301F-11D3-BF4B-00C04F79EFBC}") = "Authentication.Service.Tests", "Authentication.Service.Tests\Authentication.Service.Tests.csproj", "{4F84625B-9DB4-4BCD-B089-625318554736}"
EndProject
Project("{FAE04EC0-301F-11D3-BF4B-00C04F79EFBC}") = "Reservations.Service.Tests", "Reservations.Service.Tests\Reservations.Service.Tests.csproj", "{60C78C55-BB5E-4038-B6B5-954719EB4EE5}"
EndProject
Project("{FAE04EC0-301F-11D3-BF4B-00C04F79EFBC}") = "Slots.Service.Tests", "Slots.Service.Tests\Slots.Service.Tests.csproj", "{FFAE7C8C-83C7-4519-9AA7-95CF6AFDC87B}"
EndProject
Global
	GlobalSection(SolutionConfigurationPlatforms) = preSolution
		Debug|Any CPU = Debug|Any CPU
		Release|Any CPU = Release|Any CPU
	EndGlobalSection
	GlobalSection(ProjectConfigurationPlatforms) = postSolution
		{48B3C2E1-23D9-4AEE-8E8F-DF3FD9E898C3}.Debug|Any CPU.ActiveCfg = Debug|Any CPU
		{48B3C2E1-23D9-4AEE-8E8F-DF3FD9E898C3}.Debug|Any CPU.Build.0 = Debug|Any CPU
		{48B3C2E1-23D9-4AEE-8E8F-DF3FD9E898C3}.Release|Any CPU.ActiveCfg = Release|Any CPU
		{48B3C2E1-23D9-4AEE-8E8F-DF3FD9E898C3}.Release|Any CPU.Build.0 = Release|Any CPU
		{AF7A5755-EA8D-4AE2-9D7B-4AC9456039E4}.Debug|Any CPU.ActiveCfg = Debug|Any CPU
		{AF7A5755-EA8D-4AE2-9D7B-4AC9456039E4}.Debug|Any CPU.Build.0 = Debug|Any CPU
		{AF7A5755-EA8D-4AE2-9D7B-4AC9456039E4}.Release|Any CPU.ActiveCfg = Release|Any CPU
		{AF7A5755-EA8D-4AE2-9D7B-4AC9456039E4}.Release|Any CPU.Build.0 = Release|Any CPU
		{ACA03FDD-EE0A-470F-AD11-9096AC016212}.Debug|Any CPU.ActiveCfg = Debug|Any CPU
		{ACA03FDD-EE0A-470F-AD11-9096AC016212}.Debug|Any CPU.Build.0 = Debug|Any CPU
		{ACA03FDD-EE0A-470F-AD11-9096AC016212}.Release|Any CPU.ActiveCfg = Release|Any CPU
		{ACA03FDD-EE0A-470F-AD11-9096AC016212}.Release|Any CPU.Build.0 = Release|Any CPU
		{52F6F42D-3661-4217-B01D-50F2DC3A9CC1}.Debug|Any CPU.ActiveCfg = Debug|Any CPU
		{52F6F42D-3661-4217-B01D-50F2DC3A9CC1}.Debug|Any CPU.Build.0 = Debug|Any CPU
		{52F6F42D-3661-4217-B01D-50F2DC3A9CC1}.Release|Any CPU.ActiveCfg = Release|Any CPU
		{52F6F42D-3661-4217-B01D-50F2DC3A9CC1}.Release|Any CPU.Build.0 = Release|Any CPU
		{0D5BE49D-FCD1-4C81-A755-2E84377A3BB4}.Debug|Any CPU.ActiveCfg = Debug|Any CPU
		{0D5BE49D-FCD1-4C81-A755-2E84377A3BB4}.Debug|Any CPU.Build.0 = Debug|Any CPU
		{0D5BE49D-FCD1-4C81-A755-2E84377A3BB4}.Release|Any CPU.ActiveCfg = Release|Any CPU
		{0D5BE49D-FCD1-4C81-A755-2E84377A3BB4}.Release|Any CPU.Build.0 = Release|Any CPU
		{CC6D43FC-A2FE-4334-AAA3-BD5680390366}.Debug|Any CPU.ActiveCfg = Debug|Any CPU
		{CC6D43FC-A2FE-4334-AAA3-BD5680390366}.Debug|Any CPU.Build.0 = Debug|Any CPU
		{CC6D43FC-A2FE-4334-AAA3-BD5680390366}.Release|Any CPU.ActiveCfg = Release|Any CPU
		{CC6D43FC-A2FE-4334-AAA3-BD5680390366}.Release|Any CPU.Build.0 = Release|Any CPU
		{AA7BE8BC-0050-4F40-9646-FB50778EEC6A}.Debug|Any CPU.ActiveCfg = Debug|Any CPU
		{AA7BE8BC-0050-4F40-9646-FB50778EEC6A}.Debug|Any CPU.Build.0 = Debug|Any CPU
		{AA7BE8BC-0050-4F40-9646-FB50778EEC6A}.Release|Any CPU.ActiveCfg = Release|Any CPU
		{AA7BE8BC-0050-4F40-9646-FB50778EEC6A}.Release|Any CPU.Build.0 = Release|Any CPU
		{4F84625B-9DB4-4BCD-B089-625318554736}.Debug|Any CPU.ActiveCfg = Debug|Any CPU
		{4F84625B-9DB4-4BCD-B089-625318554736}.Debug|Any CPU.Build.0 = Debug|Any CPU
		{4F84625B-9DB4-4BCD-B089-625318554736}.Release|Any CPU.ActiveCfg = Release|Any CPU
		{4F84625B-9DB4-4BCD-B089-625318554736}.Release|Any CPU.Build.0 = Release|Any CPU
		{60C78C55-BB5E-4038-B6B5-954719EB4EE5}.Debug|Any CPU.ActiveCfg = Debug|Any CPU
		{60C78C55-BB5E-4038-B6B5-954719EB4EE5}.Debug|Any CPU.Build.0 = Debug|Any CPU
		{60C78C55-BB5E-4038-B6B5-954719EB4EE5}.Release|Any CPU.ActiveCfg = Release|Any CPU
		{60C78C55-BB5E-4038-B6B5-954719EB4EE5}.Release|Any CPU.Build.0 = Release|Any CPU
		{FFAE7C8C-83C7-4519-9AA7-95CF6AFDC87B}.Debug|Any CPU.ActiveCfg = Debug|Any CPU
		{FFAE7C8C-83C7-4519-9AA7-95CF6AFDC87B}.Debug|Any CPU.Build.0 = Debug|Any CPU
		{FFAE7C8C-83C7-4519-9AA7-95CF6AFDC87B}.Release|Any CPU.ActiveCfg = Release|Any CPU
		{FFAE7C8C-83C7-4519-9AA7-95CF6AFDC87B}.Release|Any CPU.Build.0 = Release|Any CPU
	EndGlobalSection
	GlobalSection(SolutionProperties) = preSolution
		HideSolutionNode = FALSE
	EndGlobalSection
	GlobalSection(ExtensibilityGlobals) = postSolution
		SolutionGuid = {764DAC2C-025C-4CC1-9CB4-B10D8AB6F690}
	EndGlobalSection
EndGlobal
